
Microsoft Visual Studio Solution File, Format Version 12.00
# Visual Studio Version 16
VisualStudioVersion = 16.0.30704.19
MinimumVisualStudioVersion = 10.0.40219.1
Project("{FAE04EC0-301F-11D3-BF4B-00C04F79EFBC}") = "VTH", "VTH\VTH.csproj", "{5ADE88C5-80EF-4A8B-B81C-91A6EC91896C}"
EndProject
Global
	GlobalSection(SolutionConfigurationPlatforms) = preSolution
		Debug|Any CPU = Debug|Any CPU
		Release|Any CPU = Release|Any CPU
	EndGlobalSection
	GlobalSection(ProjectConfigurationPlatforms) = postSolution
		{5ADE88C5-80EF-4A8B-B81C-91A6EC91896C}.Debug|Any CPU.ActiveCfg = Debug|Any CPU
		{5ADE88C5-80EF-4A8B-B81C-91A6EC91896C}.Debug|Any CPU.Build.0 = Debug|Any CPU
		{5ADE88C5-80EF-4A8B-B81C-91A6EC91896C}.Release|Any CPU.ActiveCfg = Release|Any CPU
		{5ADE88C5-80EF-4A8B-B81C-91A6EC91896C}.Release|Any CPU.Build.0 = Release|Any CPU
	EndGlobalSection
	GlobalSection(SolutionProperties) = preSolution
		HideSolutionNode = FALSE
	EndGlobalSection
	GlobalSection(ExtensibilityGlobals) = postSolution
		SolutionGuid = {66B961B4-833F-470F-907B-70B683E4A093}
	EndGlobalSection
EndGlobal
